// !$*UTF8*$!
{
	archiveVersion = 1;
	classes = {
	};
	objectVersion = 50;
	objects = {

/* Begin PBXBuildFile section */
		530C030224B78949001AF59A /* AppDelegate.swift in Sources */ = {isa = PBXBuildFile; fileRef = 530C030124B78949001AF59A /* AppDelegate.swift */; };
		530C030424B78949001AF59A /* SceneDelegate.swift in Sources */ = {isa = PBXBuildFile; fileRef = 530C030324B78949001AF59A /* SceneDelegate.swift */; };
		530C030624B78949001AF59A /* ViewController.swift in Sources */ = {isa = PBXBuildFile; fileRef = 530C030524B78949001AF59A /* ViewController.swift */; };
		530C030924B78949001AF59A /* Main.storyboard in Resources */ = {isa = PBXBuildFile; fileRef = 530C030724B78949001AF59A /* Main.storyboard */; };
		530C030B24B7894B001AF59A /* Assets.xcassets in Resources */ = {isa = PBXBuildFile; fileRef = 530C030A24B7894B001AF59A /* Assets.xcassets */; };
		530C030E24B7894B001AF59A /* LaunchScreen.storyboard in Resources */ = {isa = PBXBuildFile; fileRef = 530C030C24B7894B001AF59A /* LaunchScreen.storyboard */; };
		530C031624B792EF001AF59A /* MoviesVC.swift in Sources */ = {isa = PBXBuildFile; fileRef = 530C031524B792EF001AF59A /* MoviesVC.swift */; };
		530C031824B79669001AF59A /* ModelVC.swift in Sources */ = {isa = PBXBuildFile; fileRef = 530C031724B79669001AF59A /* ModelVC.swift */; };
/* End PBXBuildFile section */

/* Begin PBXFileReference section */
		530C02FE24B78949001AF59A /* ios-hw-5-p2.app */ = {isa = PBXFileReference; explicitFileType = wrapper.application; includeInIndex = 0; path = "ios-hw-5-p2.app"; sourceTree = BUILT_PRODUCTS_DIR; };
		530C030124B78949001AF59A /* AppDelegate.swift */ = {isa = PBXFileReference; lastKnownFileType = sourcecode.swift; path = AppDelegate.swift; sourceTree = "<group>"; };
		530C030324B78949001AF59A /* SceneDelegate.swift */ = {isa = PBXFileReference; lastKnownFileType = sourcecode.swift; path = SceneDelegate.swift; sourceTree = "<group>"; };
		530C030524B78949001AF59A /* ViewController.swift */ = {isa = PBXFileReference; lastKnownFileType = sourcecode.swift; path = ViewController.swift; sourceTree = "<group>"; };
		530C030824B78949001AF59A /* Base */ = {isa = PBXFileReference; lastKnownFileType = file.storyboard; name = Base; path = Base.lproj/Main.storyboard; sourceTree = "<group>"; };
		530C030A24B7894B001AF59A /* Assets.xcassets */ = {isa = PBXFileReference; lastKnownFileType = folder.assetcatalog; path = Assets.xcassets; sourceTree = "<group>"; };
		530C030D24B7894B001AF59A /* Base */ = {isa = PBXFileReference; lastKnownFileType = file.storyboard; name = Base; path = Base.lproj/LaunchScreen.storyboard; sourceTree = "<group>"; };
		530C030F24B7894B001AF59A /* Info.plist */ = {isa = PBXFileReference; lastKnownFileType = text.plist.xml; path = Info.plist; sourceTree = "<group>"; };
		530C031524B792EF001AF59A /* MoviesVC.swift */ = {isa = PBXFileReference; lastKnownFileType = sourcecode.swift; path = MoviesVC.swift; sourceTree = "<group>"; };
		530C031724B79669001AF59A /* ModelVC.swift */ = {isa = PBXFileReference; lastKnownFileType = sourcecode.swift; path = ModelVC.swift; sourceTree = "<group>"; };
/* End PBXFileReference section */

/* Begin PBXFrameworksBuildPhase section */
		530C02FB24B78949001AF59A /* Frameworks */ = {
			isa = PBXFrameworksBuildPhase;
			buildActionMask = 2147483647;
			files = (
			);
			runOnlyForDeploymentPostprocessing = 0;
		};
/* End PBXFrameworksBuildPhase section */

/* Begin PBXGroup section */
		530C02F524B78949001AF59A = {
			isa = PBXGroup;
			children = (
				530C030024B78949001AF59A /* ios-hw-5-p2 */,
				530C02FF24B78949001AF59A /* Products */,
			);
			sourceTree = "<group>";
		};
		530C02FF24B78949001AF59A /* Products */ = {
			isa = PBXGroup;
			children = (
				530C02FE24B78949001AF59A /* ios-hw-5-p2.app */,
			);
			name = Products;
			sourceTree = "<group>";
		};
		530C030024B78949001AF59A /* ios-hw-5-p2 */ = {
			isa = PBXGroup;
			children = (
				530C030124B78949001AF59A /* AppDelegate.swift */,
				530C030324B78949001AF59A /* SceneDelegate.swift */,
				530C030524B78949001AF59A /* ViewController.swift */,
				530C031524B792EF001AF59A /* MoviesVC.swift */,
				530C031724B79669001AF59A /* ModelVC.swift */,
				530C030724B78949001AF59A /* Main.storyboard */,
				530C030A24B7894B001AF59A /* Assets.xcassets */,
				530C030C24B7894B001AF59A /* LaunchScreen.storyboard */,
				530C030F24B7894B001AF59A /* Info.plist */,
			);
			path = "ios-hw-5-p2";
			sourceTree = "<group>";
		};
/* End PBXGroup section */

/* Begin PBXNativeTarget section */
		530C02FD24B78949001AF59A /* ios-hw-5-p2 */ = {
			isa = PBXNativeTarget;
			buildConfigurationList = 530C031224B7894B001AF59A /* Build configuration list for PBXNativeTarget "ios-hw-5-p2" */;
			buildPhases = (
				530C02FA24B78949001AF59A /* Sources */,
				530C02FB24B78949001AF59A /* Frameworks */,
				530C02FC24B78949001AF59A /* Resources */,
			);
			buildRules = (
			);
			dependencies = (
			);
			name = "ios-hw-5-p2";
			productName = "ios-hw-5-p2";
			productReference = 530C02FE24B78949001AF59A /* ios-hw-5-p2.app */;
			productType = "com.apple.product-type.application";
		};
/* End PBXNativeTarget section */

/* Begin PBXProject section */
		530C02F624B78949001AF59A /* Project object */ = {
			isa = PBXProject;
			attributes = {
				LastSwiftUpdateCheck = 1150;
				LastUpgradeCheck = 1150;
				ORGANIZATIONNAME = "Rawaan Alshayji";
				TargetAttributes = {
					530C02FD24B78949001AF59A = {
						CreatedOnToolsVersion = 11.5;
					};
				};
			};
			buildConfigurationList = 530C02F924B78949001AF59A /* Build configuration list for PBXProject "ios-hw-5-p2" */;
			compatibilityVersion = "Xcode 9.3";
			developmentRegion = en;
			hasScannedForEncodings = 0;
			knownRegions = (
				en,
				Base,
			);
			mainGroup = 530C02F524B78949001AF59A;
			productRefGroup = 530C02FF24B78949001AF59A /* Products */;
			projectDirPath = "";
			projectRoot = "";
			targets = (
				530C02FD24B78949001AF59A /* ios-hw-5-p2 */,
			);
		};
/* End PBXProject section */

/* Begin PBXResourcesBuildPhase section */
		530C02FC24B78949001AF59A /* Resources */ = {
			isa = PBXResourcesBuildPhase;
			buildActionMask = 2147483647;
			files = (
				530C030E24B7894B001AF59A /* LaunchScreen.storyboard in Resources */,
				530C030B24B7894B001AF59A /* Assets.xcassets in Resources */,
				530C030924B78949001AF59A /* Main.storyboard in Resources */,
			);
			runOnlyForDeploymentPostprocessing = 0;
		};
/* End PBXResourcesBuildPhase section */

/* Begin PBXSourcesBuildPhase section */
		530C02FA24B78949001AF59A /* Sources */ = {
			isa = PBXSourcesBuildPhase;
			buildActionMask = 2147483647;
			files = (
				530C031824B79669001AF59A /* ModelVC.swift in Sources */,
				530C030624B78949001AF59A /* ViewController.swift in Sources */,
				530C031624B792EF001AF59A /* MoviesVC.swift in Sources */,
				530C030224B78949001AF59A /* AppDelegate.swift in Sources */,
				530C030424B78949001AF59A /* SceneDelegate.swift in Sources */,
			);
			runOnlyForDeploymentPostprocessing = 0;
		};
/* End PBXSourcesBuildPhase section */

/* Begin PBXVariantGroup section */
		530C030724B78949001AF59A /* Main.storyboard */ = {
			isa = PBXVariantGroup;
			children = (
				530C030824B78949001AF59A /* Base */,
			);
			name = Main.storyboard;
			sourceTree = "<group>";
		};
		530C030C24B7894B001AF59A /* LaunchScreen.storyboard */ = {
			isa = PBXVariantGroup;
			children = (
				530C030D24B7894B001AF59A /* Base */,
			);
			name = LaunchScreen.storyboard;
			sourceTree = "<group>";
		};
/* End PBXVariantGroup section */

/* Begin XCBuildConfiguration section */
		530C031024B7894B001AF59A /* Debug */ = {
			isa = XCBuildConfiguration;
			buildSettings = {
				ALWAYS_SEARCH_USER_PATHS = NO;
				CLANG_ANALYZER_NONNULL = YES;
				CLANG_ANALYZER_NUMBER_OBJECT_CONVERSION = YES_AGGRESSIVE;
				CLANG_CXX_LANGUAGE_STANDARD = "gnu++14";
				CLANG_CXX_LIBRARY = "libc++";
				CLANG_ENABLE_MODULES = YES;
				CLANG_ENABLE_OBJC_ARC = YES;
				CLANG_ENABLE_OBJC_WEAK = YES;
				CLANG_WARN_BLOCK_CAPTURE_AUTORELEASING = YES;
				CLANG_WARN_BOOL_CONVERSION = YES;
				CLANG_WARN_COMMA = YES;
				CLANG_WARN_CONSTANT_CONVERSION = YES;
				CLANG_WARN_DEPRECATED_OBJC_IMPLEMENTATIONS = YES;
				CLANG_WARN_DIRECT_OBJC_ISA_USAGE = YES_ERROR;
				CLANG_WARN_DOCUMENTATION_COMMENTS = YES;
				CLANG_WARN_EMPTY_BODY = YES;
				CLANG_WARN_ENUM_CONVERSION = YES;
				CLANG_WARN_INFINITE_RECURSION = YES;
				CLANG_WARN_INT_CONVERSION = YES;
				CLANG_WARN_NON_LITERAL_NULL_CONVERSION = YES;
				CLANG_WARN_OBJC_IMPLICIT_RETAIN_SELF = YES;
				CLANG_WARN_OBJC_LITERAL_CONVERSION = YES;
				CLANG_WARN_OBJC_ROOT_CLASS = YES_ERROR;
				CLANG_WARN_RANGE_LOOP_ANALYSIS = YES;
				CLANG_WARN_STRICT_PROTOTYPES = YES;
				CLANG_WARN_SUSPICIOUS_MOVE = YES;
				CLANG_WARN_UNGUARDED_AVAILABILITY = YES_AGGRESSIVE;
				CLANG_WARN_UNREACHABLE_CODE = YES;
				CLANG_WARN__DUPLICATE_METHOD_MATCH = YES;
				COPY_PHASE_STRIP = NO;
				DEBUG_INFORMATION_FORMAT = dwarf;
				ENABLE_STRICT_OBJC_MSGSEND = YES;
				ENABLE_TESTABILITY = YES;
				GCC_C_LANGUAGE_STANDARD = gnu11;
				GCC_DYNAMIC_NO_PIC = NO;
				GCC_NO_COMMON_BLOCKS = YES;
				GCC_OPTIMIZATION_LEVEL = 0;
				GCC_PREPROCESSOR_DEFINITIONS = (
					"DEBUG=1",
					"$(inherited)",
				);
				GCC_WARN_64_TO_32_BIT_CONVERSION = YES;
				GCC_WARN_ABOUT_RETURN_TYPE = YES_ERROR;
				GCC_WARN_UNDECLARED_SELECTOR = YES;
				GCC_WARN_UNINITIALIZED_AUTOS = YES_AGGRESSIVE;
				GCC_WARN_UNUSED_FUNCTION = YES;
				GCC_WARN_UNUSED_VARIABLE = YES;
				IPHONEOS_DEPLOYMENT_TARGET = 13.5;
				MTL_ENABLE_DEBUG_INFO = INCLUDE_SOURCE;
				MTL_FAST_MATH = YES;
				ONLY_ACTIVE_ARCH = YES;
				SDKROOT = iphoneos;
				SWIFT_ACTIVE_COMPILATION_CONDITIONS = DEBUG;
				SWIFT_OPTIMIZATION_LEVEL = "-Onone";
			};
			name = Debug;
		};
		530C031124B7894B001AF59A /* Release */ = {
			isa = XCBuildConfiguration;
			buildSettings = {
				ALWAYS_SEARCH_USER_PATHS = NO;
				CLANG_ANALYZER_NONNULL = YES;
				CLANG_ANALYZER_NUMBER_OBJECT_CONVERSION = YES_AGGRESSIVE;
				CLANG_CXX_LANGUAGE_STANDARD = "gnu++14";
				CLANG_CXX_LIBRARY = "libc++";
				CLANG_ENABLE_MODULES = YES;
				CLANG_ENABLE_OBJC_ARC = YES;
				CLANG_ENABLE_OBJC_WEAK = YES;
				CLANG_WARN_BLOCK_CAPTURE_AUTORELEASING = YES;
				CLANG_WARN_BOOL_CONVERSION = YES;
				CLANG_WARN_COMMA = YES;
				CLANG_WARN_CONSTANT_CONVERSION = YES;
				CLANG_WARN_DEPRECATED_OBJC_IMPLEMENTATIONS = YES;
				CLANG_WARN_DIRECT_OBJC_ISA_USAGE = YES_ERROR;
				CLANG_WARN_DOCUMENTATION_COMMENTS = YES;
				CLANG_WARN_EMPTY_BODY = YES;
				CLANG_WARN_ENUM_CONVERSION = YES;
				CLANG_WARN_INFINITE_RECURSION = YES;
				CLANG_WARN_INT_CONVERSION = YES;
				CLANG_WARN_NON_LITERAL_NULL_CONVERSION = YES;
				CLANG_WARN_OBJC_IMPLICIT_RETAIN_SELF = YES;
				CLANG_WARN_OBJC_LITERAL_CONVERSION = YES;
				CLANG_WARN_OBJC_ROOT_CLASS = YES_ERROR;
				CLANG_WARN_RANGE_LOOP_ANALYSIS = YES;
				CLANG_WARN_STRICT_PROTOTYPES = YES;
				CLANG_WARN_SUSPICIOUS_MOVE = YES;
				CLANG_WARN_UNGUARDED_AVAILABILITY = YES_AGGRESSIVE;
				CLANG_WARN_UNREACHABLE_CODE = YES;
				CLANG_WARN__DUPLICATE_METHOD_MATCH = YES;
				COPY_PHASE_STRIP = NO;
				DEBUG_INFORMATION_FORMAT = "dwarf-with-dsym";
				ENABLE_NS_ASSERTIONS = NO;
				ENABLE_STRICT_OBJC_MSGSEND = YES;
				GCC_C_LANGUAGE_STANDARD = gnu11;
				GCC_NO_COMMON_BLOCKS = YES;
				GCC_WARN_64_TO_32_BIT_CONVERSION = YES;
				GCC_WARN_ABOUT_RETURN_TYPE = YES_ERROR;
				GCC_WARN_UNDECLARED_SELECTOR = YES;
				GCC_WARN_UNINITIALIZED_AUTOS = YES_AGGRESSIVE;
				GCC_WARN_UNUSED_FUNCTION = YES;
				GCC_WARN_UNUSED_VARIABLE = YES;
				IPHONEOS_DEPLOYMENT_TARGET = 13.5;
				MTL_ENABLE_DEBUG_INFO = NO;
				MTL_FAST_MATH = YES;
				SDKROOT = iphoneos;
				SWIFT_COMPILATION_MODE = wholemodule;
				SWIFT_OPTIMIZATION_LEVEL = "-O";
				VALIDATE_PRODUCT = YES;
			};
			name = Release;
		};
		530C031324B7894B001AF59A /* Debug */ = {
			isa = XCBuildConfiguration;
			buildSettings = {
				ASSETCATALOG_COMPILER_APPICON_NAME = AppIcon;
				CODE_SIGN_STYLE = Automatic;
				INFOPLIST_FILE = "ios-hw-5-p2/Info.plist";
				LD_RUNPATH_SEARCH_PATHS = (
					"$(inherited)",
					"@executable_path/Frameworks",
				);
				PRODUCT_BUNDLE_IDENTIFIER = "com.ras.ios-hw-5-p2";
				PRODUCT_NAME = "$(TARGET_NAME)";
				SWIFT_VERSION = 5.0;
				TARGETED_DEVICE_FAMILY = "1,2";
			};
			name = Debug;
		};
		530C031424B7894B001AF59A /* Release */ = {
			isa = XCBuildConfiguration;
			buildSettings = {
				ASSETCATALOG_COMPILER_APPICON_NAME = AppIcon;
				CODE_SIGN_STYLE = Automatic;
				INFOPLIST_FILE = "ios-hw-5-p2/Info.plist";
				LD_RUNPATH_SEARCH_PATHS = (
					"$(inherited)",
					"@executable_path/Frameworks",
				);
				PRODUCT_BUNDLE_IDENTIFIER = "com.ras.ios-hw-5-p2";
				PRODUCT_NAME = "$(TARGET_NAME)";
				SWIFT_VERSION = 5.0;
				TARGETED_DEVICE_FAMILY = "1,2";
			};
			name = Release;
		};
/* End XCBuildConfiguration section */

/* Begin XCConfigurationList section */
		530C02F924B78949001AF59A /* Build configuration list for PBXProject "ios-hw-5-p2" */ = {
			isa = XCConfigurationList;
			buildConfigurations = (
				530C031024B7894B001AF59A /* Debug */,
				530C031124B7894B001AF59A /* Release */,
			);
			defaultConfigurationIsVisible = 0;
			defaultConfigurationName = Release;
		};
		530C031224B7894B001AF59A /* Build configuration list for PBXNativeTarget "ios-hw-5-p2" */ = {
			isa = XCConfigurationList;
			buildConfigurations = (
				530C031324B7894B001AF59A /* Debug */,
				530C031424B7894B001AF59A /* Release */,
			);
			defaultConfigurationIsVisible = 0;
			defaultConfigurationName = Release;
		};
/* End XCConfigurationList section */
	};
	rootObject = 530C02F624B78949001AF59A /* Project object */;
}
